// !$*UTF8*$!
{
	archiveVersion = 1;
	classes = {
	};
	objectVersion = 46;
	objects = {

/* Begin PBXBuildFile section */
		A480721316C86B6200960127 /* IOSFBConnect.mm in Sources */ = {isa = PBXBuildFile; fileRef = A480721216C86B6200960127 /* IOSFBConnect.mm */; };
		A480722216C8CB4100960127 /* FacebookLibrary.cpp in Sources */ = {isa = PBXBuildFile; fileRef = A480722016C8CB4100960127 /* FacebookLibrary.cpp */; };
		A480722516C8CBB400960127 /* FBConnect.cpp in Sources */ = {isa = PBXBuildFile; fileRef = A480722316C8CBB400960127 /* FBConnect.cpp */; };
		A480725916C9B3F500960127 /* FBConnectEvent.cpp in Sources */ = {isa = PBXBuildFile; fileRef = A480725716C9B3F500960127 /* FBConnectEvent.cpp */; };
/* End PBXBuildFile section */

/* Begin PBXCopyFilesBuildPhase section */
		A4E253B4166D6FB300DCDC2C /* CopyFiles */ = {
			isa = PBXCopyFilesBuildPhase;
			buildActionMask = 2147483647;
			dstPath = "include/${PRODUCT_NAME}";
			dstSubfolderSpec = 16;
			files = (
			);
			runOnlyForDeploymentPostprocessing = 0;
		};
/* End PBXCopyFilesBuildPhase section */

/* Begin PBXFileReference section */
		30B762D916E53A2000FBBF47 /* Facebook.h */ = {isa = PBXFileReference; lastKnownFileType = sourcecode.c.h; path = Facebook.h; sourceTree = "<group>"; };
		30B762DA16E53A2000FBBF47 /* FacebookSDK.h */ = {isa = PBXFileReference; lastKnownFileType = sourcecode.c.h; path = FacebookSDK.h; sourceTree = "<group>"; };
		30B762DB16E53A2000FBBF47 /* FBCacheDescriptor.h */ = {isa = PBXFileReference; lastKnownFileType = sourcecode.c.h; path = FBCacheDescriptor.h; sourceTree = "<group>"; };
		30B762DC16E53A2000FBBF47 /* FBConnect.h */ = {isa = PBXFileReference; lastKnownFileType = sourcecode.c.h; path = FBConnect.h; sourceTree = "<group>"; };
		30B762DD16E53A2000FBBF47 /* FBDialog.h */ = {isa = PBXFileReference; lastKnownFileType = sourcecode.c.h; path = FBDialog.h; sourceTree = "<group>"; };
		30B762DE16E53A2000FBBF47 /* FBError.h */ = {isa = PBXFileReference; lastKnownFileType = sourcecode.c.h; path = FBError.h; sourceTree = "<group>"; };
		30B762DF16E53A2000FBBF47 /* FBFrictionlessRequestSettings.h */ = {isa = PBXFileReference; lastKnownFileType = sourcecode.c.h; path = FBFrictionlessRequestSettings.h; sourceTree = "<group>"; };
		30B762E016E53A2000FBBF47 /* FBFriendPickerViewController.h */ = {isa = PBXFileReference; lastKnownFileType = sourcecode.c.h; path = FBFriendPickerViewController.h; sourceTree = "<group>"; };
		30B762E116E53A2000FBBF47 /* FBGraphLocation.h */ = {isa = PBXFileReference; lastKnownFileType = sourcecode.c.h; path = FBGraphLocation.h; sourceTree = "<group>"; };
		30B762E216E53A2000FBBF47 /* FBGraphObject.h */ = {isa = PBXFileReference; lastKnownFileType = sourcecode.c.h; path = FBGraphObject.h; sourceTree = "<group>"; };
		30B762E316E53A2000FBBF47 /* FBGraphPlace.h */ = {isa = PBXFileReference; lastKnownFileType = sourcecode.c.h; path = FBGraphPlace.h; sourceTree = "<group>"; };
		30B762E416E53A2000FBBF47 /* FBGraphUser.h */ = {isa = PBXFileReference; lastKnownFileType = sourcecode.c.h; path = FBGraphUser.h; sourceTree = "<group>"; };
		30B762E516E53A2000FBBF47 /* FBLoginDialog.h */ = {isa = PBXFileReference; lastKnownFileType = sourcecode.c.h; path = FBLoginDialog.h; sourceTree = "<group>"; };
		30B762E616E53A2000FBBF47 /* FBLoginView.h */ = {isa = PBXFileReference; lastKnownFileType = sourcecode.c.h; path = FBLoginView.h; sourceTree = "<group>"; };
		30B762E716E53A2000FBBF47 /* FBNativeDialogs.h */ = {isa = PBXFileReference; lastKnownFileType = sourcecode.c.h; path = FBNativeDialogs.h; sourceTree = "<group>"; };
		30B762E816E53A2000FBBF47 /* FBOpenGraphAction.h */ = {isa = PBXFileReference; lastKnownFileType = sourcecode.c.h; path = FBOpenGraphAction.h; sourceTree = "<group>"; };
		30B762E916E53A2000FBBF47 /* FBPlacePickerViewController.h */ = {isa = PBXFileReference; lastKnownFileType = sourcecode.c.h; path = FBPlacePickerViewController.h; sourceTree = "<group>"; };
		30B762EA16E53A2000FBBF47 /* FBProfilePictureView.h */ = {isa = PBXFileReference; lastKnownFileType = sourcecode.c.h; path = FBProfilePictureView.h; sourceTree = "<group>"; };
		30B762EB16E53A2000FBBF47 /* FBRequest.h */ = {isa = PBXFileReference; lastKnownFileType = sourcecode.c.h; path = FBRequest.h; sourceTree = "<group>"; };
		30B762EC16E53A2000FBBF47 /* FBRequestConnection.h */ = {isa = PBXFileReference; lastKnownFileType = sourcecode.c.h; path = FBRequestConnection.h; sourceTree = "<group>"; };
		30B762ED16E53A2000FBBF47 /* FBSBJSON.h */ = {isa = PBXFileReference; lastKnownFileType = sourcecode.c.h; path = FBSBJSON.h; sourceTree = "<group>"; };
		30B762EE16E53A2000FBBF47 /* FBSBJsonBase.h */ = {isa = PBXFileReference; lastKnownFileType = sourcecode.c.h; path = FBSBJsonBase.h; sourceTree = "<group>"; };
		30B762EF16E53A2000FBBF47 /* FBSBJsonParser.h */ = {isa = PBXFileReference; lastKnownFileType = sourcecode.c.h; path = FBSBJsonParser.h; sourceTree = "<group>"; };
		30B762F016E53A2000FBBF47 /* FBSBJsonWriter.h */ = {isa = PBXFileReference; lastKnownFileType = sourcecode.c.h; path = FBSBJsonWriter.h; sourceTree = "<group>"; };
		30B762F116E53A2000FBBF47 /* FBSession.h */ = {isa = PBXFileReference; lastKnownFileType = sourcecode.c.h; path = FBSession.h; sourceTree = "<group>"; };
		30B762F216E53A2000FBBF47 /* FBSessionManualTokenCachingStrategy.h */ = {isa = PBXFileReference; lastKnownFileType = sourcecode.c.h; path = FBSessionManualTokenCachingStrategy.h; sourceTree = "<group>"; };
		30B762F316E53A2000FBBF47 /* FBSessionTokenCachingStrategy.h */ = {isa = PBXFileReference; lastKnownFileType = sourcecode.c.h; path = FBSessionTokenCachingStrategy.h; sourceTree = "<group>"; };
		30B762F416E53A2000FBBF47 /* FBSettings.h */ = {isa = PBXFileReference; lastKnownFileType = sourcecode.c.h; path = FBSettings.h; sourceTree = "<group>"; };
		30B762F516E53A2000FBBF47 /* FBTestSession.h */ = {isa = PBXFileReference; lastKnownFileType = sourcecode.c.h; path = FBTestSession.h; sourceTree = "<group>"; };
		30B762F616E53A2000FBBF47 /* FBUserSettingsViewController.h */ = {isa = PBXFileReference; lastKnownFileType = sourcecode.c.h; path = FBUserSettingsViewController.h; sourceTree = "<group>"; };
		30B762F716E53A2000FBBF47 /* FBViewController.h */ = {isa = PBXFileReference; lastKnownFileType = sourcecode.c.h; path = FBViewController.h; sourceTree = "<group>"; };
		A480721116C86B6200960127 /* IOSFBConnect.h */ = {isa = PBXFileReference; fileEncoding = 4; lastKnownFileType = sourcecode.c.h; name = IOSFBConnect.h; path = Plugin/IOSFBConnect.h; sourceTree = "<group>"; };
		A480721216C86B6200960127 /* IOSFBConnect.mm */ = {isa = PBXFileReference; fileEncoding = 4; lastKnownFileType = sourcecode.cpp.objcpp; name = IOSFBConnect.mm; path = Plugin/IOSFBConnect.mm; sourceTree = "<group>"; };
		A480721416C86B7A00960127 /* FacebookSDK.framework */ = {isa = PBXFileReference; lastKnownFileType = wrapper.framework; name = FacebookSDK.framework; path = "../../sdk-facebook/ios/FacebookSDK.framework"; sourceTree = SOURCE_ROOT; };
		A480722016C8CB4100960127 /* FacebookLibrary.cpp */ = {isa = PBXFileReference; fileEncoding = 4; lastKnownFileType = sourcecode.cpp.cpp; name = FacebookLibrary.cpp; path = ../shared/FacebookLibrary.cpp; sourceTree = "<group>"; };
		A480722116C8CB4100960127 /* FacebookLibrary.h */ = {isa = PBXFileReference; fileEncoding = 4; lastKnownFileType = sourcecode.c.h; name = FacebookLibrary.h; path = ../shared/FacebookLibrary.h; sourceTree = "<group>"; };
		A480722316C8CBB400960127 /* FBConnect.cpp */ = {isa = PBXFileReference; fileEncoding = 4; lastKnownFileType = sourcecode.cpp.cpp; name = FBConnect.cpp; path = ../shared/FBConnect.cpp; sourceTree = "<group>"; };
		A480722416C8CBB400960127 /* FBConnect.h */ = {isa = PBXFileReference; fileEncoding = 4; lastKnownFileType = sourcecode.c.h; name = FBConnect.h; path = ../shared/FBConnect.h; sourceTree = "<group>"; };
		A480725716C9B3F500960127 /* FBConnectEvent.cpp */ = {isa = PBXFileReference; fileEncoding = 4; lastKnownFileType = sourcecode.cpp.cpp; name = FBConnectEvent.cpp; path = ../shared/FBConnectEvent.cpp; sourceTree = "<group>"; };
		A480725816C9B3F500960127 /* FBConnectEvent.h */ = {isa = PBXFileReference; fileEncoding = 4; lastKnownFileType = sourcecode.c.h; name = FBConnectEvent.h; path = ../shared/FBConnectEvent.h; sourceTree = "<group>"; };
		A4E253B6166D6FB300DCDC2C /* libfacebook.a */ = {isa = PBXFileReference; explicitFileType = archive.ar; includeInIndex = 0; path = libfacebook.a; sourceTree = BUILT_PRODUCTS_DIR; };
/* End PBXFileReference section */

/* Begin PBXFrameworksBuildPhase section */
		A4E253B3166D6FB300DCDC2C /* Frameworks */ = {
			isa = PBXFrameworksBuildPhase;
			buildActionMask = 2147483647;
			files = (
			);
			runOnlyForDeploymentPostprocessing = 0;
		};
/* End PBXFrameworksBuildPhase section */

/* Begin PBXGroup section */
		30B762D816E53A2000FBBF47 /* DeprecatedHeaders */ = {
			isa = PBXGroup;
			children = (
				30B762D916E53A2000FBBF47 /* Facebook.h */,
				30B762DA16E53A2000FBBF47 /* FacebookSDK.h */,
				30B762DB16E53A2000FBBF47 /* FBCacheDescriptor.h */,
				30B762DC16E53A2000FBBF47 /* FBConnect.h */,
				30B762DD16E53A2000FBBF47 /* FBDialog.h */,
				30B762DE16E53A2000FBBF47 /* FBError.h */,
				30B762DF16E53A2000FBBF47 /* FBFrictionlessRequestSettings.h */,
				30B762E016E53A2000FBBF47 /* FBFriendPickerViewController.h */,
				30B762E116E53A2000FBBF47 /* FBGraphLocation.h */,
				30B762E216E53A2000FBBF47 /* FBGraphObject.h */,
				30B762E316E53A2000FBBF47 /* FBGraphPlace.h */,
				30B762E416E53A2000FBBF47 /* FBGraphUser.h */,
				30B762E516E53A2000FBBF47 /* FBLoginDialog.h */,
				30B762E616E53A2000FBBF47 /* FBLoginView.h */,
				30B762E716E53A2000FBBF47 /* FBNativeDialogs.h */,
				30B762E816E53A2000FBBF47 /* FBOpenGraphAction.h */,
				30B762E916E53A2000FBBF47 /* FBPlacePickerViewController.h */,
				30B762EA16E53A2000FBBF47 /* FBProfilePictureView.h */,
				30B762EB16E53A2000FBBF47 /* FBRequest.h */,
				30B762EC16E53A2000FBBF47 /* FBRequestConnection.h */,
				30B762ED16E53A2000FBBF47 /* FBSBJSON.h */,
				30B762EE16E53A2000FBBF47 /* FBSBJsonBase.h */,
				30B762EF16E53A2000FBBF47 /* FBSBJsonParser.h */,
				30B762F016E53A2000FBBF47 /* FBSBJsonWriter.h */,
				30B762F116E53A2000FBBF47 /* FBSession.h */,
				30B762F216E53A2000FBBF47 /* FBSessionManualTokenCachingStrategy.h */,
				30B762F316E53A2000FBBF47 /* FBSessionTokenCachingStrategy.h */,
				30B762F416E53A2000FBBF47 /* FBSettings.h */,
				30B762F516E53A2000FBBF47 /* FBTestSession.h */,
				30B762F616E53A2000FBBF47 /* FBUserSettingsViewController.h */,
				30B762F716E53A2000FBBF47 /* FBViewController.h */,
			);
			path = DeprecatedHeaders;
			sourceTree = "<group>";
		};
		A447B609165D72A6009EA762 /* iOS */ = {
			isa = PBXGroup;
			children = (
				A480721116C86B6200960127 /* IOSFBConnect.h */,
				A480721216C86B6200960127 /* IOSFBConnect.mm */,
			);
			name = iOS;
			sourceTree = "<group>";
		};
		A480721616C86B9700960127 /* Frameworks */ = {
			isa = PBXGroup;
			children = (
				30B762D816E53A2000FBBF47 /* DeprecatedHeaders */,
				A480721416C86B7A00960127 /* FacebookSDK.framework */,
			);
			name = Frameworks;
			sourceTree = "<group>";
		};
		A480721F16C8CA5100960127 /* Shared */ = {
			isa = PBXGroup;
			children = (
				A480722016C8CB4100960127 /* FacebookLibrary.cpp */,
				A480722116C8CB4100960127 /* FacebookLibrary.h */,
				A480722316C8CBB400960127 /* FBConnect.cpp */,
				A480722416C8CBB400960127 /* FBConnect.h */,
				A480725716C9B3F500960127 /* FBConnectEvent.cpp */,
				A480725816C9B3F500960127 /* FBConnectEvent.h */,
			);
			name = Shared;
			sourceTree = "<group>";
		};
		A484110E15114F700074BD57 = {
			isa = PBXGroup;
			children = (
				A447B609165D72A6009EA762 /* iOS */,
				A480721F16C8CA5100960127 /* Shared */,
				A484111A15114F700074BD57 /* Products */,
				A480721616C86B9700960127 /* Frameworks */,
			);
			sourceTree = "<group>";
		};
		A484111A15114F700074BD57 /* Products */ = {
			isa = PBXGroup;
			children = (
				A4E253B6166D6FB300DCDC2C /* libfacebook.a */,
			);
			name = Products;
			sourceTree = "<group>";
		};
/* End PBXGroup section */

/* Begin PBXNativeTarget section */
		A4E253B5166D6FB300DCDC2C /* facebook */ = {
			isa = PBXNativeTarget;
			buildConfigurationList = A4E253BF166D6FB300DCDC2C /* Build configuration list for PBXNativeTarget "facebook" */;
			buildPhases = (
				A4E253B2166D6FB300DCDC2C /* Sources */,
				A4E253B3166D6FB300DCDC2C /* Frameworks */,
				A4E253B4166D6FB300DCDC2C /* CopyFiles */,
			);
			buildRules = (
			);
			dependencies = (
			);
			name = facebook;
			productName = plugin_library;
			productReference = A4E253B6166D6FB300DCDC2C /* libfacebook.a */;
			productType = "com.apple.product-type.library.static";
		};
/* End PBXNativeTarget section */

/* Begin PBXProject section */
		A484111015114F700074BD57 /* Project object */ = {
			isa = PBXProject;
			attributes = {
				LastUpgradeCheck = 0460;
			};
			buildConfigurationList = A484111315114F700074BD57 /* Build configuration list for PBXProject "Plugin" */;
			compatibilityVersion = "Xcode 3.2";
			developmentRegion = English;
			hasScannedForEncodings = 0;
			knownRegions = (
				en,
			);
			mainGroup = A484110E15114F700074BD57;
			productRefGroup = A484111A15114F700074BD57 /* Products */;
			projectDirPath = "";
			projectRoot = "";
			targets = (
				A4E253B5166D6FB300DCDC2C /* facebook */,
			);
		};
/* End PBXProject section */

/* Begin PBXSourcesBuildPhase section */
		A4E253B2166D6FB300DCDC2C /* Sources */ = {
			isa = PBXSourcesBuildPhase;
			buildActionMask = 2147483647;
			files = (
				A480721316C86B6200960127 /* IOSFBConnect.mm in Sources */,
				A480722216C8CB4100960127 /* FacebookLibrary.cpp in Sources */,
				A480722516C8CBB400960127 /* FBConnect.cpp in Sources */,
				A480725916C9B3F500960127 /* FBConnectEvent.cpp in Sources */,
			);
			runOnlyForDeploymentPostprocessing = 0;
		};
/* End PBXSourcesBuildPhase section */

/* Begin XCBuildConfiguration section */
		A484114015114F700074BD57 /* Debug */ = {
			isa = XCBuildConfiguration;
			buildSettings = {
				ALWAYS_SEARCH_USER_PATHS = NO;
				"ARCHS[sdk=iphoneos*]" = armv7;
				CLANG_WARN_CONSTANT_CONVERSION = YES;
				CLANG_WARN_ENUM_CONVERSION = YES;
				CLANG_WARN_INT_CONVERSION = YES;
				CLANG_WARN__DUPLICATE_METHOD_MATCH = YES;
				"CODE_SIGN_IDENTITY[sdk=iphoneos*]" = "iPhone Developer";
				COPY_PHASE_STRIP = NO;
				GCC_C_LANGUAGE_STANDARD = gnu99;
				GCC_DYNAMIC_NO_PIC = NO;
				GCC_OPTIMIZATION_LEVEL = 0;
				GCC_PREPROCESSOR_DEFINITIONS = (
					"DEBUG=1",
					"CORONA_DEBUG=1",
					"$(inherited)",
				);
				GCC_SYMBOLS_PRIVATE_EXTERN = NO;
				GCC_VERSION = com.apple.compilers.llvm.clang.1_0;
				GCC_WARN_ABOUT_MISSING_PROTOTYPES = YES;
				GCC_WARN_ABOUT_RETURN_TYPE = YES;
				GCC_WARN_UNINITIALIZED_AUTOS = YES;
				GCC_WARN_UNUSED_VARIABLE = YES;
				IPHONEOS_DEPLOYMENT_TARGET = 4.3;
				SDKROOT = iphoneos;
				TARGETED_DEVICE_FAMILY = "1,2";
				USER_HEADER_SEARCH_PATHS = "${SRCROOT}/CoronaEnterprise/Corona/shared/include/Corona ${SRCROOT}/CoronaEnterprise/Corona/shared/include/lua ${SRCROOT}/CoronaEnterprise/Corona/ios/include/Corona";
			};
			name = Debug;
		};
		A484114115114F700074BD57 /* Release */ = {
			isa = XCBuildConfiguration;
			buildSettings = {
				ALWAYS_SEARCH_USER_PATHS = NO;
				"ARCHS[sdk=iphoneos*]" = armv7;
				CLANG_WARN_CONSTANT_CONVERSION = YES;
				CLANG_WARN_ENUM_CONVERSION = YES;
				CLANG_WARN_INT_CONVERSION = YES;
				CLANG_WARN__DUPLICATE_METHOD_MATCH = YES;
				"CODE_SIGN_IDENTITY[sdk=iphoneos*]" = "iPhone Developer";
				COPY_PHASE_STRIP = YES;
				GCC_C_LANGUAGE_STANDARD = gnu99;
				GCC_VERSION = com.apple.compilers.llvm.clang.1_0;
				GCC_WARN_ABOUT_MISSING_PROTOTYPES = YES;
				GCC_WARN_ABOUT_RETURN_TYPE = YES;
				GCC_WARN_UNINITIALIZED_AUTOS = YES;
				GCC_WARN_UNUSED_VARIABLE = YES;
				IPHONEOS_DEPLOYMENT_TARGET = 4.3;
				OTHER_CFLAGS = "-DNS_BLOCK_ASSERTIONS=1";
				SDKROOT = iphoneos;
				TARGETED_DEVICE_FAMILY = "1,2";
				USER_HEADER_SEARCH_PATHS = "${SRCROOT}/CoronaEnterprise/Corona/shared/include/Corona ${SRCROOT}/CoronaEnterprise/Corona/shared/include/lua ${SRCROOT}/CoronaEnterprise/Corona/ios/include/Corona";
				VALIDATE_PRODUCT = YES;
			};
			name = Release;
		};
		A4E253C0166D6FB300DCDC2C /* Debug */ = {
			isa = XCBuildConfiguration;
			buildSettings = {
				CLANG_WARN_EMPTY_BODY = YES;
				CLANG_WARN__DUPLICATE_METHOD_MATCH = YES;
				DSTROOT = /tmp/facebook.dst;
				FRAMEWORK_SEARCH_PATHS = (
					"$(inherited)",
					"\"$(SRCROOT)/../../sdk-facebook/ios\"",
				);
				GCC_PRECOMPILE_PREFIX_HEADER = NO;
				GCC_WARN_UNINITIALIZED_AUTOS = YES;
				OTHER_LDFLAGS = "-ObjC";
				PRODUCT_NAME = "$(TARGET_NAME)";
				SKIP_INSTALL = YES;
				USER_HEADER_SEARCH_PATHS = "${SRCROOT}/CoronaEnterprise/Corona/shared/include/Corona ${SRCROOT}/CoronaEnterprise/Corona/shared/include/lua ${SRCROOT}/CoronaEnterprise/Corona/ios/include/Corona";
			};
			name = Debug;
		};
		A4E253C1166D6FB300DCDC2C /* Release */ = {
			isa = XCBuildConfiguration;
			buildSettings = {
				CLANG_WARN_EMPTY_BODY = YES;
				CLANG_WARN__DUPLICATE_METHOD_MATCH = YES;
				DSTROOT = /tmp/facebook.dst;
				FRAMEWORK_SEARCH_PATHS = (
					"$(inherited)",
					"\"$(SRCROOT)/../../sdk-facebook/ios\"",
				);
				GCC_PRECOMPILE_PREFIX_HEADER = NO;
				GCC_WARN_UNINITIALIZED_AUTOS = YES;
				OTHER_LDFLAGS = "-ObjC";
				PRODUCT_NAME = "$(TARGET_NAME)";
				SKIP_INSTALL = YES;
				USER_HEADER_SEARCH_PATHS = "${SRCROOT}/CoronaEnterprise/Corona/shared/include/Corona ${SRCROOT}/CoronaEnterprise/Corona/shared/include/lua ${SRCROOT}/CoronaEnterprise/Corona/ios/include/Corona";
			};
			name = Release;
		};
/* End XCBuildConfiguration section */

/* Begin XCConfigurationList section */
		A484111315114F700074BD57 /* Build configuration list for PBXProject "Plugin" */ = {
			isa = XCConfigurationList;
			buildConfigurations = (
				A484114015114F700074BD57 /* Debug */,
				A484114115114F700074BD57 /* Release */,
			);
			defaultConfigurationIsVisible = 0;
			defaultConfigurationName = Release;
		};
		A4E253BF166D6FB300DCDC2C /* Build configuration list for PBXNativeTarget "facebook" */ = {
			isa = XCConfigurationList;
			buildConfigurations = (
				A4E253C0166D6FB300DCDC2C /* Debug */,
				A4E253C1166D6FB300DCDC2C /* Release */,
			);
			defaultConfigurationIsVisible = 0;
			defaultConfigurationName = Release;
		};
/* End XCConfigurationList section */
	};
	rootObject = A484111015114F700074BD57 /* Project object */;
}
